// !$*UTF8*$!
{
	archiveVersion = 1;
	classes = {
	};
	objectVersion = 50;
	objects = {

/* Begin PBXBuildFile section */
		2F40FA99493896807AE0F90B /* Pods_homes_movie_db.framework in Frameworks */ = {isa = PBXBuildFile; fileRef = 9D84D21C6C9B9BFA7CC33258 /* Pods_homes_movie_db.framework */; };
		6CCE90FA3CC19FC8D420B5DB /* Pods_homes_movie_dbTests.framework in Frameworks */ = {isa = PBXBuildFile; fileRef = 09EEF6E4C24B508F9137307C /* Pods_homes_movie_dbTests.framework */; };
		824FEE58210ADD1700C23121 /* AppDelegate.swift in Sources */ = {isa = PBXBuildFile; fileRef = 824FEE57210ADD1700C23121 /* AppDelegate.swift */; };
		824FEE5A210ADD1700C23121 /* DetailViewController.swift in Sources */ = {isa = PBXBuildFile; fileRef = 824FEE59210ADD1700C23121 /* DetailViewController.swift */; };
		824FEE5D210ADD1700C23121 /* Main.storyboard in Resources */ = {isa = PBXBuildFile; fileRef = 824FEE5B210ADD1700C23121 /* Main.storyboard */; };
		824FEE60210ADD1700C23121 /* homes_movie_db.xcdatamodeld in Sources */ = {isa = PBXBuildFile; fileRef = 824FEE5E210ADD1700C23121 /* homes_movie_db.xcdatamodeld */; };
		824FEE62210ADD1800C23121 /* Assets.xcassets in Resources */ = {isa = PBXBuildFile; fileRef = 824FEE61210ADD1800C23121 /* Assets.xcassets */; };
		824FEE65210ADD1800C23121 /* LaunchScreen.storyboard in Resources */ = {isa = PBXBuildFile; fileRef = 824FEE63210ADD1800C23121 /* LaunchScreen.storyboard */; };
		824FEE70210ADD1800C23121 /* homes_movie_dbTests.swift in Sources */ = {isa = PBXBuildFile; fileRef = 824FEE6F210ADD1800C23121 /* homes_movie_dbTests.swift */; };
		824FEE7B210ADD1800C23121 /* homes_movie_dbUITests.swift in Sources */ = {isa = PBXBuildFile; fileRef = 824FEE7A210ADD1800C23121 /* homes_movie_dbUITests.swift */; };
		824FEE94210BC78F00C23121 /* UIViewXRadialGradient.swift in Sources */ = {isa = PBXBuildFile; fileRef = 824FEE8A210BC78F00C23121 /* UIViewXRadialGradient.swift */; };
		824FEE95210BC78F00C23121 /* UITextFieldX.swift in Sources */ = {isa = PBXBuildFile; fileRef = 824FEE8B210BC78F00C23121 /* UITextFieldX.swift */; };
		824FEE96210BC78F00C23121 /* UIButtonX.swift in Sources */ = {isa = PBXBuildFile; fileRef = 824FEE8C210BC78F00C23121 /* UIButtonX.swift */; };
		824FEE97210BC78F00C23121 /* UILabelX.swift in Sources */ = {isa = PBXBuildFile; fileRef = 824FEE8D210BC78F00C23121 /* UILabelX.swift */; };
		824FEE98210BC78F00C23121 /* UIViewAnchorPoint.swift in Sources */ = {isa = PBXBuildFile; fileRef = 824FEE8E210BC78F00C23121 /* UIViewAnchorPoint.swift */; };
		824FEE99210BC78F00C23121 /* UIViewControllerX.swift in Sources */ = {isa = PBXBuildFile; fileRef = 824FEE8F210BC78F00C23121 /* UIViewControllerX.swift */; };
		824FEE9A210BC78F00C23121 /* UIImageViewX.swift in Sources */ = {isa = PBXBuildFile; fileRef = 824FEE90210BC78F00C23121 /* UIImageViewX.swift */; };
		824FEE9B210BC78F00C23121 /* UIViewX.swift in Sources */ = {isa = PBXBuildFile; fileRef = 824FEE91210BC78F00C23121 /* UIViewX.swift */; };
		824FEE9C210BC78F00C23121 /* UIVisualEffectViewX.swift in Sources */ = {isa = PBXBuildFile; fileRef = 824FEE92210BC78F00C23121 /* UIVisualEffectViewX.swift */; };
		824FEE9D210BC78F00C23121 /* UISliderX.swift in Sources */ = {isa = PBXBuildFile; fileRef = 824FEE93210BC78F00C23121 /* UISliderX.swift */; };
		824FEEA0210BCFC700C23121 /* ExploreViewController.swift in Sources */ = {isa = PBXBuildFile; fileRef = 824FEE9F210BCFC700C23121 /* ExploreViewController.swift */; };
		824FEEA3210CFDD900C23121 /* MovieDbService.swift in Sources */ = {isa = PBXBuildFile; fileRef = 824FEEA2210CFDD900C23121 /* MovieDbService.swift */; };
		824FEEA5210D10D900C23121 /* Support.swift in Sources */ = {isa = PBXBuildFile; fileRef = 824FEEA4210D10D900C23121 /* Support.swift */; };
		824FEEA7210DB56000C23121 /* Movie.swift in Sources */ = {isa = PBXBuildFile; fileRef = 824FEEA6210DB56000C23121 /* Movie.swift */; };
		824FEEAA210DBA0B00C23121 /* MovieViewModel.swift in Sources */ = {isa = PBXBuildFile; fileRef = 824FEEA9210DBA0B00C23121 /* MovieViewModel.swift */; };
		824FEEAC210EA9D100C23121 /* ExploreMovieTableViewCell.swift in Sources */ = {isa = PBXBuildFile; fileRef = 824FEEAB210EA9D100C23121 /* ExploreMovieTableViewCell.swift */; };
		82AFDBC1210FE71300A80CF3 /* TopMoviesViewController.swift in Sources */ = {isa = PBXBuildFile; fileRef = 82AFDBC0210FE71300A80CF3 /* TopMoviesViewController.swift */; };
		82AFDBC3210FF99000A80CF3 /* TopMovieCollectionViewCell.swift in Sources */ = {isa = PBXBuildFile; fileRef = 82AFDBC2210FF99000A80CF3 /* TopMovieCollectionViewCell.swift */; };
		82AFDBC52110148900A80CF3 /* UpcomingMoviesViewController.swift in Sources */ = {isa = PBXBuildFile; fileRef = 82AFDBC42110148900A80CF3 /* UpcomingMoviesViewController.swift */; };
		82AFDBC9211025C100A80CF3 /* UpcomingMovieCollectionViewCell.swift in Sources */ = {isa = PBXBuildFile; fileRef = 82AFDBC8211025C100A80CF3 /* UpcomingMovieCollectionViewCell.swift */; };
		82AFDBCB2110501300A80CF3 /* TopMovie.swift in Sources */ = {isa = PBXBuildFile; fileRef = 82AFDBCA2110501300A80CF3 /* TopMovie.swift */; };
		82AFDBCD2110533300A80CF3 /* TopMovieViewModel.swift in Sources */ = {isa = PBXBuildFile; fileRef = 82AFDBCC2110533300A80CF3 /* TopMovieViewModel.swift */; };
		82AFDBCF2110DCAD00A80CF3 /* ReachabilityManager.swift in Sources */ = {isa = PBXBuildFile; fileRef = 82AFDBCE2110DCAD00A80CF3 /* ReachabilityManager.swift */; };
		82AFDBD3211108F500A80CF3 /* DiskManager.swift in Sources */ = {isa = PBXBuildFile; fileRef = 82AFDBD2211108F500A80CF3 /* DiskManager.swift */; };
		82AFDBD821112E5D00A80CF3 /* UpcomingMovie.swift in Sources */ = {isa = PBXBuildFile; fileRef = 82AFDBD721112E5D00A80CF3 /* UpcomingMovie.swift */; };
		82AFDBDA2111309400A80CF3 /* UpcomingMovieViewModel.swift in Sources */ = {isa = PBXBuildFile; fileRef = 82AFDBD92111309400A80CF3 /* UpcomingMovieViewModel.swift */; };
		82AFDBDC211146D200A80CF3 /* Feature.swift in Sources */ = {isa = PBXBuildFile; fileRef = 82AFDBDB211146D200A80CF3 /* Feature.swift */; };
		82AFDBDE2111499900A80CF3 /* FeatureViewModel.swift in Sources */ = {isa = PBXBuildFile; fileRef = 82AFDBDD2111499900A80CF3 /* FeatureViewModel.swift */; };
		CE7C341FA1919208DF7BFF42 /* Pods_homes_movie_dbUITests.framework in Frameworks */ = {isa = PBXBuildFile; fileRef = D5B92C9403D59B75B73ABAC7 /* Pods_homes_movie_dbUITests.framework */; };
/* End PBXBuildFile section */

/* Begin PBXContainerItemProxy section */
		824FEE6C210ADD1800C23121 /* PBXContainerItemProxy */ = {
			isa = PBXContainerItemProxy;
			containerPortal = 824FEE4C210ADD1700C23121 /* Project object */;
			proxyType = 1;
			remoteGlobalIDString = 824FEE53210ADD1700C23121;
			remoteInfo = "homes-movie-db";
		};
		824FEE77210ADD1800C23121 /* PBXContainerItemProxy */ = {
			isa = PBXContainerItemProxy;
			containerPortal = 824FEE4C210ADD1700C23121 /* Project object */;
			proxyType = 1;
			remoteGlobalIDString = 824FEE53210ADD1700C23121;
			remoteInfo = "homes-movie-db";
		};
/* End PBXContainerItemProxy section */

/* Begin PBXFileReference section */
		09EEF6E4C24B508F9137307C /* Pods_homes_movie_dbTests.framework */ = {isa = PBXFileReference; explicitFileType = wrapper.framework; includeInIndex = 0; path = Pods_homes_movie_dbTests.framework; sourceTree = BUILT_PRODUCTS_DIR; };
		4365B8F7A5F0DFA8F2244564 /* Pods-homes-movie-db.release.xcconfig */ = {isa = PBXFileReference; includeInIndex = 1; lastKnownFileType = text.xcconfig; name = "Pods-homes-movie-db.release.xcconfig"; path = "Pods/Target Support Files/Pods-homes-movie-db/Pods-homes-movie-db.release.xcconfig"; sourceTree = "<group>"; };
		69673948134A1AAD79251261 /* Pods-homes-movie-dbTests.release.xcconfig */ = {isa = PBXFileReference; includeInIndex = 1; lastKnownFileType = text.xcconfig; name = "Pods-homes-movie-dbTests.release.xcconfig"; path = "Pods/Target Support Files/Pods-homes-movie-dbTests/Pods-homes-movie-dbTests.release.xcconfig"; sourceTree = "<group>"; };
		824FEE54210ADD1700C23121 /* homes-movie-db.app */ = {isa = PBXFileReference; explicitFileType = wrapper.application; includeInIndex = 0; path = "homes-movie-db.app"; sourceTree = BUILT_PRODUCTS_DIR; };
		824FEE57210ADD1700C23121 /* AppDelegate.swift */ = {isa = PBXFileReference; lastKnownFileType = sourcecode.swift; path = AppDelegate.swift; sourceTree = "<group>"; };
		824FEE59210ADD1700C23121 /* DetailViewController.swift */ = {isa = PBXFileReference; lastKnownFileType = sourcecode.swift; path = DetailViewController.swift; sourceTree = "<group>"; };
		824FEE5C210ADD1700C23121 /* Base */ = {isa = PBXFileReference; lastKnownFileType = file.storyboard; name = Base; path = Base.lproj/Main.storyboard; sourceTree = "<group>"; };
		824FEE5F210ADD1700C23121 /* homes_movie_db.xcdatamodel */ = {isa = PBXFileReference; lastKnownFileType = wrapper.xcdatamodel; path = homes_movie_db.xcdatamodel; sourceTree = "<group>"; };
		824FEE61210ADD1800C23121 /* Assets.xcassets */ = {isa = PBXFileReference; lastKnownFileType = folder.assetcatalog; path = Assets.xcassets; sourceTree = "<group>"; };
		824FEE64210ADD1800C23121 /* Base */ = {isa = PBXFileReference; lastKnownFileType = file.storyboard; name = Base; path = Base.lproj/LaunchScreen.storyboard; sourceTree = "<group>"; };
		824FEE66210ADD1800C23121 /* Info.plist */ = {isa = PBXFileReference; lastKnownFileType = text.plist.xml; path = Info.plist; sourceTree = "<group>"; };
		824FEE6B210ADD1800C23121 /* homes-movie-dbTests.xctest */ = {isa = PBXFileReference; explicitFileType = wrapper.cfbundle; includeInIndex = 0; path = "homes-movie-dbTests.xctest"; sourceTree = BUILT_PRODUCTS_DIR; };
		824FEE6F210ADD1800C23121 /* homes_movie_dbTests.swift */ = {isa = PBXFileReference; lastKnownFileType = sourcecode.swift; path = homes_movie_dbTests.swift; sourceTree = "<group>"; };
		824FEE71210ADD1800C23121 /* Info.plist */ = {isa = PBXFileReference; lastKnownFileType = text.plist.xml; path = Info.plist; sourceTree = "<group>"; };
		824FEE76210ADD1800C23121 /* homes-movie-dbUITests.xctest */ = {isa = PBXFileReference; explicitFileType = wrapper.cfbundle; includeInIndex = 0; path = "homes-movie-dbUITests.xctest"; sourceTree = BUILT_PRODUCTS_DIR; };
		824FEE7A210ADD1800C23121 /* homes_movie_dbUITests.swift */ = {isa = PBXFileReference; lastKnownFileType = sourcecode.swift; path = homes_movie_dbUITests.swift; sourceTree = "<group>"; };
		824FEE7C210ADD1800C23121 /* Info.plist */ = {isa = PBXFileReference; lastKnownFileType = text.plist.xml; path = Info.plist; sourceTree = "<group>"; };
		824FEE8A210BC78F00C23121 /* UIViewXRadialGradient.swift */ = {isa = PBXFileReference; fileEncoding = 4; lastKnownFileType = sourcecode.swift; path = UIViewXRadialGradient.swift; sourceTree = "<group>"; };
		824FEE8B210BC78F00C23121 /* UITextFieldX.swift */ = {isa = PBXFileReference; fileEncoding = 4; lastKnownFileType = sourcecode.swift; path = UITextFieldX.swift; sourceTree = "<group>"; };
		824FEE8C210BC78F00C23121 /* UIButtonX.swift */ = {isa = PBXFileReference; fileEncoding = 4; lastKnownFileType = sourcecode.swift; path = UIButtonX.swift; sourceTree = "<group>"; };
		824FEE8D210BC78F00C23121 /* UILabelX.swift */ = {isa = PBXFileReference; fileEncoding = 4; lastKnownFileType = sourcecode.swift; path = UILabelX.swift; sourceTree = "<group>"; };
		824FEE8E210BC78F00C23121 /* UIViewAnchorPoint.swift */ = {isa = PBXFileReference; fileEncoding = 4; lastKnownFileType = sourcecode.swift; path = UIViewAnchorPoint.swift; sourceTree = "<group>"; };
		824FEE8F210BC78F00C23121 /* UIViewControllerX.swift */ = {isa = PBXFileReference; fileEncoding = 4; lastKnownFileType = sourcecode.swift; path = UIViewControllerX.swift; sourceTree = "<group>"; };
		824FEE90210BC78F00C23121 /* UIImageViewX.swift */ = {isa = PBXFileReference; fileEncoding = 4; lastKnownFileType = sourcecode.swift; path = UIImageViewX.swift; sourceTree = "<group>"; };
		824FEE91210BC78F00C23121 /* UIViewX.swift */ = {isa = PBXFileReference; fileEncoding = 4; lastKnownFileType = sourcecode.swift; path = UIViewX.swift; sourceTree = "<group>"; };
		824FEE92210BC78F00C23121 /* UIVisualEffectViewX.swift */ = {isa = PBXFileReference; fileEncoding = 4; lastKnownFileType = sourcecode.swift; path = UIVisualEffectViewX.swift; sourceTree = "<group>"; };
		824FEE93210BC78F00C23121 /* UISliderX.swift */ = {isa = PBXFileReference; fileEncoding = 4; lastKnownFileType = sourcecode.swift; path = UISliderX.swift; sourceTree = "<group>"; };
		824FEE9F210BCFC700C23121 /* ExploreViewController.swift */ = {isa = PBXFileReference; lastKnownFileType = sourcecode.swift; path = ExploreViewController.swift; sourceTree = "<group>"; };
		824FEEA2210CFDD900C23121 /* MovieDbService.swift */ = {isa = PBXFileReference; lastKnownFileType = sourcecode.swift; path = MovieDbService.swift; sourceTree = "<group>"; };
		824FEEA4210D10D900C23121 /* Support.swift */ = {isa = PBXFileReference; lastKnownFileType = sourcecode.swift; path = Support.swift; sourceTree = "<group>"; };
		824FEEA6210DB56000C23121 /* Movie.swift */ = {isa = PBXFileReference; lastKnownFileType = sourcecode.swift; path = Movie.swift; sourceTree = "<group>"; };
		824FEEA9210DBA0B00C23121 /* MovieViewModel.swift */ = {isa = PBXFileReference; lastKnownFileType = sourcecode.swift; path = MovieViewModel.swift; sourceTree = "<group>"; };
		824FEEAB210EA9D100C23121 /* ExploreMovieTableViewCell.swift */ = {isa = PBXFileReference; lastKnownFileType = sourcecode.swift; path = ExploreMovieTableViewCell.swift; sourceTree = "<group>"; };
		82AFDBC0210FE71300A80CF3 /* TopMoviesViewController.swift */ = {isa = PBXFileReference; lastKnownFileType = sourcecode.swift; path = TopMoviesViewController.swift; sourceTree = "<group>"; };
		82AFDBC2210FF99000A80CF3 /* TopMovieCollectionViewCell.swift */ = {isa = PBXFileReference; lastKnownFileType = sourcecode.swift; path = TopMovieCollectionViewCell.swift; sourceTree = "<group>"; };
		82AFDBC42110148900A80CF3 /* UpcomingMoviesViewController.swift */ = {isa = PBXFileReference; lastKnownFileType = sourcecode.swift; path = UpcomingMoviesViewController.swift; sourceTree = "<group>"; };
		82AFDBC8211025C100A80CF3 /* UpcomingMovieCollectionViewCell.swift */ = {isa = PBXFileReference; lastKnownFileType = sourcecode.swift; path = UpcomingMovieCollectionViewCell.swift; sourceTree = "<group>"; };
		82AFDBCA2110501300A80CF3 /* TopMovie.swift */ = {isa = PBXFileReference; lastKnownFileType = sourcecode.swift; path = TopMovie.swift; sourceTree = "<group>"; };
		82AFDBCC2110533300A80CF3 /* TopMovieViewModel.swift */ = {isa = PBXFileReference; lastKnownFileType = sourcecode.swift; path = TopMovieViewModel.swift; sourceTree = "<group>"; };
		82AFDBCE2110DCAD00A80CF3 /* ReachabilityManager.swift */ = {isa = PBXFileReference; lastKnownFileType = sourcecode.swift; path = ReachabilityManager.swift; sourceTree = "<group>"; };
		82AFDBD2211108F500A80CF3 /* DiskManager.swift */ = {isa = PBXFileReference; lastKnownFileType = sourcecode.swift; path = DiskManager.swift; sourceTree = "<group>"; };
		82AFDBD721112E5D00A80CF3 /* UpcomingMovie.swift */ = {isa = PBXFileReference; lastKnownFileType = sourcecode.swift; path = UpcomingMovie.swift; sourceTree = "<group>"; };
		82AFDBD92111309400A80CF3 /* UpcomingMovieViewModel.swift */ = {isa = PBXFileReference; lastKnownFileType = sourcecode.swift; path = UpcomingMovieViewModel.swift; sourceTree = "<group>"; };
		82AFDBDB211146D200A80CF3 /* Feature.swift */ = {isa = PBXFileReference; lastKnownFileType = sourcecode.swift; path = Feature.swift; sourceTree = "<group>"; };
		82AFDBDD2111499900A80CF3 /* FeatureViewModel.swift */ = {isa = PBXFileReference; lastKnownFileType = sourcecode.swift; path = FeatureViewModel.swift; sourceTree = "<group>"; };
		9D84D21C6C9B9BFA7CC33258 /* Pods_homes_movie_db.framework */ = {isa = PBXFileReference; explicitFileType = wrapper.framework; includeInIndex = 0; path = Pods_homes_movie_db.framework; sourceTree = BUILT_PRODUCTS_DIR; };
		AB7601A7F5A3AA297A89DE07 /* Pods-homes-movie-dbUITests.debug.xcconfig */ = {isa = PBXFileReference; includeInIndex = 1; lastKnownFileType = text.xcconfig; name = "Pods-homes-movie-dbUITests.debug.xcconfig"; path = "Pods/Target Support Files/Pods-homes-movie-dbUITests/Pods-homes-movie-dbUITests.debug.xcconfig"; sourceTree = "<group>"; };
		C58D15D0C103D681F167C410 /* Pods-homes-movie-dbUITests.release.xcconfig */ = {isa = PBXFileReference; includeInIndex = 1; lastKnownFileType = text.xcconfig; name = "Pods-homes-movie-dbUITests.release.xcconfig"; path = "Pods/Target Support Files/Pods-homes-movie-dbUITests/Pods-homes-movie-dbUITests.release.xcconfig"; sourceTree = "<group>"; };
		D5B92C9403D59B75B73ABAC7 /* Pods_homes_movie_dbUITests.framework */ = {isa = PBXFileReference; explicitFileType = wrapper.framework; includeInIndex = 0; path = Pods_homes_movie_dbUITests.framework; sourceTree = BUILT_PRODUCTS_DIR; };
		F3B6BAD2B41A994FDCE1B700 /* Pods-homes-movie-db.debug.xcconfig */ = {isa = PBXFileReference; includeInIndex = 1; lastKnownFileType = text.xcconfig; name = "Pods-homes-movie-db.debug.xcconfig"; path = "Pods/Target Support Files/Pods-homes-movie-db/Pods-homes-movie-db.debug.xcconfig"; sourceTree = "<group>"; };
		FC928CA366169C4B206B3A77 /* Pods-homes-movie-dbTests.debug.xcconfig */ = {isa = PBXFileReference; includeInIndex = 1; lastKnownFileType = text.xcconfig; name = "Pods-homes-movie-dbTests.debug.xcconfig"; path = "Pods/Target Support Files/Pods-homes-movie-dbTests/Pods-homes-movie-dbTests.debug.xcconfig"; sourceTree = "<group>"; };
/* End PBXFileReference section */

/* Begin PBXFrameworksBuildPhase section */
		824FEE51210ADD1700C23121 /* Frameworks */ = {
			isa = PBXFrameworksBuildPhase;
			buildActionMask = 2147483647;
			files = (
				2F40FA99493896807AE0F90B /* Pods_homes_movie_db.framework in Frameworks */,
			);
			runOnlyForDeploymentPostprocessing = 0;
		};
		824FEE68210ADD1800C23121 /* Frameworks */ = {
			isa = PBXFrameworksBuildPhase;
			buildActionMask = 2147483647;
			files = (
				6CCE90FA3CC19FC8D420B5DB /* Pods_homes_movie_dbTests.framework in Frameworks */,
			);
			runOnlyForDeploymentPostprocessing = 0;
		};
		824FEE73210ADD1800C23121 /* Frameworks */ = {
			isa = PBXFrameworksBuildPhase;
			buildActionMask = 2147483647;
			files = (
				CE7C341FA1919208DF7BFF42 /* Pods_homes_movie_dbUITests.framework in Frameworks */,
			);
			runOnlyForDeploymentPostprocessing = 0;
		};
/* End PBXFrameworksBuildPhase section */

/* Begin PBXGroup section */
		824FEE4B210ADD1700C23121 = {
			isa = PBXGroup;
			children = (
				824FEE89210BC78F00C23121 /* DesignableX */,
				824FEE56210ADD1700C23121 /* homes-movie-db */,
				824FEE6E210ADD1800C23121 /* homes-movie-dbTests */,
				824FEE79210ADD1800C23121 /* homes-movie-dbUITests */,
				824FEE55210ADD1700C23121 /* Products */,
				F441B77C1EAE78D685BE7EE4 /* Pods */,
				852CE456B3F8BF67FB0D4211 /* Frameworks */,
			);
			sourceTree = "<group>";
		};
		824FEE55210ADD1700C23121 /* Products */ = {
			isa = PBXGroup;
			children = (
				824FEE54210ADD1700C23121 /* homes-movie-db.app */,
				824FEE6B210ADD1800C23121 /* homes-movie-dbTests.xctest */,
				824FEE76210ADD1800C23121 /* homes-movie-dbUITests.xctest */,
			);
			name = Products;
			sourceTree = "<group>";
		};
		824FEE56210ADD1700C23121 /* homes-movie-db */ = {
			isa = PBXGroup;
			children = (
				824FEEA8210DB9F300C23121 /* View Model */,
				824FEEA1210CFD9400C23121 /* Services */,
				824FEE9E210BCF9C00C23121 /* Views */,
				824FEE88210B9F1D00C23121 /* Models */,
				824FEE57210ADD1700C23121 /* AppDelegate.swift */,
				824FEE61210ADD1800C23121 /* Assets.xcassets */,
				824FEE63210ADD1800C23121 /* LaunchScreen.storyboard */,
				824FEE66210ADD1800C23121 /* Info.plist */,
				824FEE5E210ADD1700C23121 /* homes_movie_db.xcdatamodeld */,
			);
			path = "homes-movie-db";
			sourceTree = "<group>";
		};
		824FEE6E210ADD1800C23121 /* homes-movie-dbTests */ = {
			isa = PBXGroup;
			children = (
				824FEE6F210ADD1800C23121 /* homes_movie_dbTests.swift */,
				824FEE71210ADD1800C23121 /* Info.plist */,
			);
			path = "homes-movie-dbTests";
			sourceTree = "<group>";
		};
		824FEE79210ADD1800C23121 /* homes-movie-dbUITests */ = {
			isa = PBXGroup;
			children = (
				824FEE7A210ADD1800C23121 /* homes_movie_dbUITests.swift */,
				824FEE7C210ADD1800C23121 /* Info.plist */,
			);
			path = "homes-movie-dbUITests";
			sourceTree = "<group>";
		};
		824FEE88210B9F1D00C23121 /* Models */ = {
			isa = PBXGroup;
			children = (
				824FEEA6210DB56000C23121 /* Movie.swift */,
				82AFDBCA2110501300A80CF3 /* TopMovie.swift */,
				82AFDBD721112E5D00A80CF3 /* UpcomingMovie.swift */,
				82AFDBDB211146D200A80CF3 /* Feature.swift */,
			);
			path = Models;
			sourceTree = "<group>";
		};
		824FEE89210BC78F00C23121 /* DesignableX */ = {
			isa = PBXGroup;
			children = (
				824FEE8A210BC78F00C23121 /* UIViewXRadialGradient.swift */,
				824FEE8B210BC78F00C23121 /* UITextFieldX.swift */,
				824FEE8C210BC78F00C23121 /* UIButtonX.swift */,
				824FEE8D210BC78F00C23121 /* UILabelX.swift */,
				824FEE8E210BC78F00C23121 /* UIViewAnchorPoint.swift */,
				824FEE8F210BC78F00C23121 /* UIViewControllerX.swift */,
				824FEE90210BC78F00C23121 /* UIImageViewX.swift */,
				824FEE91210BC78F00C23121 /* UIViewX.swift */,
				824FEE92210BC78F00C23121 /* UIVisualEffectViewX.swift */,
				824FEE93210BC78F00C23121 /* UISliderX.swift */,
			);
			path = DesignableX;
			sourceTree = "<group>";
		};
		824FEE9E210BCF9C00C23121 /* Views */ = {
			isa = PBXGroup;
			children = (
				82AFDBD62111182E00A80CF3 /* Explore Movies */,
				82AFDBD52111181B00A80CF3 /* Upcoming Movies */,
				82AFDBD42111180C00A80CF3 /* Top Movies */,
				824FEE59210ADD1700C23121 /* DetailViewController.swift */,
				824FEE5B210ADD1700C23121 /* Main.storyboard */,
			);
			path = Views;
			sourceTree = "<group>";
		};
		824FEEA1210CFD9400C23121 /* Services */ = {
			isa = PBXGroup;
			children = (
				824FEEA2210CFDD900C23121 /* MovieDbService.swift */,
				82AFDBCE2110DCAD00A80CF3 /* ReachabilityManager.swift */,
				82AFDBD2211108F500A80CF3 /* DiskManager.swift */,
				824FEEA4210D10D900C23121 /* Support.swift */,
			);
			path = Services;
			sourceTree = "<group>";
		};
		824FEEA8210DB9F300C23121 /* View Model */ = {
			isa = PBXGroup;
			children = (
				824FEEA9210DBA0B00C23121 /* MovieViewModel.swift */,
				82AFDBCC2110533300A80CF3 /* TopMovieViewModel.swift */,
				82AFDBD92111309400A80CF3 /* UpcomingMovieViewModel.swift */,
				82AFDBDD2111499900A80CF3 /* FeatureViewModel.swift */,
			);
			path = "View Model";
			sourceTree = "<group>";
		};
		82AFDBD42111180C00A80CF3 /* Top Movies */ = {
			isa = PBXGroup;
			children = (
				82AFDBC0210FE71300A80CF3 /* TopMoviesViewController.swift */,
				82AFDBC2210FF99000A80CF3 /* TopMovieCollectionViewCell.swift */,
			);
			path = "Top Movies";
			sourceTree = "<group>";
		};
		82AFDBD52111181B00A80CF3 /* Upcoming Movies */ = {
			isa = PBXGroup;
			children = (
				82AFDBC42110148900A80CF3 /* UpcomingMoviesViewController.swift */,
				82AFDBC8211025C100A80CF3 /* UpcomingMovieCollectionViewCell.swift */,
			);
			path = "Upcoming Movies";
			sourceTree = "<group>";
		};
		82AFDBD62111182E00A80CF3 /* Explore Movies */ = {
			isa = PBXGroup;
			children = (
				824FEE9F210BCFC700C23121 /* ExploreViewController.swift */,
				824FEEAB210EA9D100C23121 /* ExploreMovieTableViewCell.swift */,
			);
			path = "Explore Movies";
			sourceTree = "<group>";
		};
		852CE456B3F8BF67FB0D4211 /* Frameworks */ = {
			isa = PBXGroup;
			children = (
				9D84D21C6C9B9BFA7CC33258 /* Pods_homes_movie_db.framework */,
				09EEF6E4C24B508F9137307C /* Pods_homes_movie_dbTests.framework */,
				D5B92C9403D59B75B73ABAC7 /* Pods_homes_movie_dbUITests.framework */,
			);
			name = Frameworks;
			sourceTree = "<group>";
		};
		F441B77C1EAE78D685BE7EE4 /* Pods */ = {
			isa = PBXGroup;
			children = (
				F3B6BAD2B41A994FDCE1B700 /* Pods-homes-movie-db.debug.xcconfig */,
				4365B8F7A5F0DFA8F2244564 /* Pods-homes-movie-db.release.xcconfig */,
				FC928CA366169C4B206B3A77 /* Pods-homes-movie-dbTests.debug.xcconfig */,
				69673948134A1AAD79251261 /* Pods-homes-movie-dbTests.release.xcconfig */,
				AB7601A7F5A3AA297A89DE07 /* Pods-homes-movie-dbUITests.debug.xcconfig */,
				C58D15D0C103D681F167C410 /* Pods-homes-movie-dbUITests.release.xcconfig */,
			);
			name = Pods;
			sourceTree = "<group>";
		};
/* End PBXGroup section */

/* Begin PBXNativeTarget section */
		824FEE53210ADD1700C23121 /* homes-movie-db */ = {
			isa = PBXNativeTarget;
			buildConfigurationList = 824FEE7F210ADD1800C23121 /* Build configuration list for PBXNativeTarget "homes-movie-db" */;
			buildPhases = (
				015A830ECEDDA1F2FF6F4470 /* [CP] Check Pods Manifest.lock */,
				824FEE50210ADD1700C23121 /* Sources */,
				824FEE51210ADD1700C23121 /* Frameworks */,
				824FEE52210ADD1700C23121 /* Resources */,
				2569C5B86423556C8DBA5CBC /* [CP] Embed Pods Frameworks */,
			);
			buildRules = (
			);
			dependencies = (
			);
			name = "homes-movie-db";
			productName = "homes-movie-db";
			productReference = 824FEE54210ADD1700C23121 /* homes-movie-db.app */;
			productType = "com.apple.product-type.application";
		};
		824FEE6A210ADD1800C23121 /* homes-movie-dbTests */ = {
			isa = PBXNativeTarget;
			buildConfigurationList = 824FEE82210ADD1800C23121 /* Build configuration list for PBXNativeTarget "homes-movie-dbTests" */;
			buildPhases = (
				57AA9DC011BE41736485DE4E /* [CP] Check Pods Manifest.lock */,
				824FEE67210ADD1800C23121 /* Sources */,
				824FEE68210ADD1800C23121 /* Frameworks */,
				824FEE69210ADD1800C23121 /* Resources */,
			);
			buildRules = (
			);
			dependencies = (
				824FEE6D210ADD1800C23121 /* PBXTargetDependency */,
			);
			name = "homes-movie-dbTests";
			productName = "homes-movie-dbTests";
			productReference = 824FEE6B210ADD1800C23121 /* homes-movie-dbTests.xctest */;
			productType = "com.apple.product-type.bundle.unit-test";
		};
		824FEE75210ADD1800C23121 /* homes-movie-dbUITests */ = {
			isa = PBXNativeTarget;
			buildConfigurationList = 824FEE85210ADD1800C23121 /* Build configuration list for PBXNativeTarget "homes-movie-dbUITests" */;
			buildPhases = (
				D8FE79B648A9B92E48F5DA7C /* [CP] Check Pods Manifest.lock */,
				824FEE72210ADD1800C23121 /* Sources */,
				824FEE73210ADD1800C23121 /* Frameworks */,
				824FEE74210ADD1800C23121 /* Resources */,
			);
			buildRules = (
			);
			dependencies = (
				824FEE78210ADD1800C23121 /* PBXTargetDependency */,
			);
			name = "homes-movie-dbUITests";
			productName = "homes-movie-dbUITests";
			productReference = 824FEE76210ADD1800C23121 /* homes-movie-dbUITests.xctest */;
			productType = "com.apple.product-type.bundle.ui-testing";
		};
/* End PBXNativeTarget section */

/* Begin PBXProject section */
		824FEE4C210ADD1700C23121 /* Project object */ = {
			isa = PBXProject;
			attributes = {
				LastSwiftUpdateCheck = 0940;
				LastUpgradeCheck = 0940;
				ORGANIZATIONNAME = "Rahul Racha";
				TargetAttributes = {
					824FEE53210ADD1700C23121 = {
						CreatedOnToolsVersion = 9.4.1;
					};
					824FEE6A210ADD1800C23121 = {
						CreatedOnToolsVersion = 9.4.1;
						TestTargetID = 824FEE53210ADD1700C23121;
					};
					824FEE75210ADD1800C23121 = {
						CreatedOnToolsVersion = 9.4.1;
						TestTargetID = 824FEE53210ADD1700C23121;
					};
				};
			};
			buildConfigurationList = 824FEE4F210ADD1700C23121 /* Build configuration list for PBXProject "homes-movie-db" */;
			compatibilityVersion = "Xcode 9.3";
			developmentRegion = en;
			hasScannedForEncodings = 0;
			knownRegions = (
				en,
				Base,
			);
			mainGroup = 824FEE4B210ADD1700C23121;
			productRefGroup = 824FEE55210ADD1700C23121 /* Products */;
			projectDirPath = "";
			projectRoot = "";
			targets = (
				824FEE53210ADD1700C23121 /* homes-movie-db */,
				824FEE6A210ADD1800C23121 /* homes-movie-dbTests */,
				824FEE75210ADD1800C23121 /* homes-movie-dbUITests */,
			);
		};
/* End PBXProject section */

/* Begin PBXResourcesBuildPhase section */
		824FEE52210ADD1700C23121 /* Resources */ = {
			isa = PBXResourcesBuildPhase;
			buildActionMask = 2147483647;
			files = (
				824FEE65210ADD1800C23121 /* LaunchScreen.storyboard in Resources */,
				824FEE62210ADD1800C23121 /* Assets.xcassets in Resources */,
				824FEE5D210ADD1700C23121 /* Main.storyboard in Resources */,
			);
			runOnlyForDeploymentPostprocessing = 0;
		};
		824FEE69210ADD1800C23121 /* Resources */ = {
			isa = PBXResourcesBuildPhase;
			buildActionMask = 2147483647;
			files = (
			);
			runOnlyForDeploymentPostprocessing = 0;
		};
		824FEE74210ADD1800C23121 /* Resources */ = {
			isa = PBXResourcesBuildPhase;
			buildActionMask = 2147483647;
			files = (
			);
			runOnlyForDeploymentPostprocessing = 0;
		};
/* End PBXResourcesBuildPhase section */

/* Begin PBXShellScriptBuildPhase section */
		015A830ECEDDA1F2FF6F4470 /* [CP] Check Pods Manifest.lock */ = {
			isa = PBXShellScriptBuildPhase;
			buildActionMask = 2147483647;
			files = (
			);
			inputPaths = (
				"${PODS_PODFILE_DIR_PATH}/Podfile.lock",
				"${PODS_ROOT}/Manifest.lock",
			);
			name = "[CP] Check Pods Manifest.lock";
			outputPaths = (
				"$(DERIVED_FILE_DIR)/Pods-homes-movie-db-checkManifestLockResult.txt",
			);
			runOnlyForDeploymentPostprocessing = 0;
			shellPath = /bin/sh;
			shellScript = "diff \"${PODS_PODFILE_DIR_PATH}/Podfile.lock\" \"${PODS_ROOT}/Manifest.lock\" > /dev/null\nif [ $? != 0 ] ; then\n    # print error to STDERR\n    echo \"error: The sandbox is not in sync with the Podfile.lock. Run 'pod install' or update your CocoaPods installation.\" >&2\n    exit 1\nfi\n# This output is used by Xcode 'outputs' to avoid re-running this script phase.\necho \"SUCCESS\" > \"${SCRIPT_OUTPUT_FILE_0}\"\n";
			showEnvVarsInLog = 0;
		};
		2569C5B86423556C8DBA5CBC /* [CP] Embed Pods Frameworks */ = {
			isa = PBXShellScriptBuildPhase;
			buildActionMask = 2147483647;
			files = (
			);
			inputPaths = (
				"${SRCROOT}/Pods/Target Support Files/Pods-homes-movie-db/Pods-homes-movie-db-frameworks.sh",
				"${BUILT_PRODUCTS_DIR}/Disk/Disk.framework",
				"${BUILT_PRODUCTS_DIR}/ReachabilitySwift/ReachabilitySwift.framework",
				"${BUILT_PRODUCTS_DIR}/Realm/Realm.framework",
				"${BUILT_PRODUCTS_DIR}/RealmSwift/RealmSwift.framework",
				"${BUILT_PRODUCTS_DIR}/SearchTextField/SearchTextField.framework",
				"${BUILT_PRODUCTS_DIR}/TMDBSwift/TMDBSwift.framework",
			);
			name = "[CP] Embed Pods Frameworks";
			outputPaths = (
				"${TARGET_BUILD_DIR}/${FRAMEWORKS_FOLDER_PATH}/Disk.framework",
				"${TARGET_BUILD_DIR}/${FRAMEWORKS_FOLDER_PATH}/ReachabilitySwift.framework",
				"${TARGET_BUILD_DIR}/${FRAMEWORKS_FOLDER_PATH}/Realm.framework",
				"${TARGET_BUILD_DIR}/${FRAMEWORKS_FOLDER_PATH}/RealmSwift.framework",
				"${TARGET_BUILD_DIR}/${FRAMEWORKS_FOLDER_PATH}/SearchTextField.framework",
				"${TARGET_BUILD_DIR}/${FRAMEWORKS_FOLDER_PATH}/TMDBSwift.framework",
			);
			runOnlyForDeploymentPostprocessing = 0;
			shellPath = /bin/sh;
			shellScript = "\"${SRCROOT}/Pods/Target Support Files/Pods-homes-movie-db/Pods-homes-movie-db-frameworks.sh\"\n";
			showEnvVarsInLog = 0;
		};
		57AA9DC011BE41736485DE4E /* [CP] Check Pods Manifest.lock */ = {
			isa = PBXShellScriptBuildPhase;
			buildActionMask = 2147483647;
			files = (
			);
			inputPaths = (
				"${PODS_PODFILE_DIR_PATH}/Podfile.lock",
				"${PODS_ROOT}/Manifest.lock",
			);
			name = "[CP] Check Pods Manifest.lock";
			outputPaths = (
				"$(DERIVED_FILE_DIR)/Pods-homes-movie-dbTests-checkManifestLockResult.txt",
			);
			runOnlyForDeploymentPostprocessing = 0;
			shellPath = /bin/sh;
			shellScript = "diff \"${PODS_PODFILE_DIR_PATH}/Podfile.lock\" \"${PODS_ROOT}/Manifest.lock\" > /dev/null\nif [ $? != 0 ] ; then\n    # print error to STDERR\n    echo \"error: The sandbox is not in sync with the Podfile.lock. Run 'pod install' or update your CocoaPods installation.\" >&2\n    exit 1\nfi\n# This output is used by Xcode 'outputs' to avoid re-running this script phase.\necho \"SUCCESS\" > \"${SCRIPT_OUTPUT_FILE_0}\"\n";
			showEnvVarsInLog = 0;
		};
		D8FE79B648A9B92E48F5DA7C /* [CP] Check Pods Manifest.lock */ = {
			isa = PBXShellScriptBuildPhase;
			buildActionMask = 2147483647;
			files = (
			);
			inputPaths = (
				"${PODS_PODFILE_DIR_PATH}/Podfile.lock",
				"${PODS_ROOT}/Manifest.lock",
			);
			name = "[CP] Check Pods Manifest.lock";
			outputPaths = (
				"$(DERIVED_FILE_DIR)/Pods-homes-movie-dbUITests-checkManifestLockResult.txt",
			);
			runOnlyForDeploymentPostprocessing = 0;
			shellPath = /bin/sh;
			shellScript = "diff \"${PODS_PODFILE_DIR_PATH}/Podfile.lock\" \"${PODS_ROOT}/Manifest.lock\" > /dev/null\nif [ $? != 0 ] ; then\n    # print error to STDERR\n    echo \"error: The sandbox is not in sync with the Podfile.lock. Run 'pod install' or update your CocoaPods installation.\" >&2\n    exit 1\nfi\n# This output is used by Xcode 'outputs' to avoid re-running this script phase.\necho \"SUCCESS\" > \"${SCRIPT_OUTPUT_FILE_0}\"\n";
			showEnvVarsInLog = 0;
		};
/* End PBXShellScriptBuildPhase section */

/* Begin PBXSourcesBuildPhase section */
		824FEE50210ADD1700C23121 /* Sources */ = {
			isa = PBXSourcesBuildPhase;
			buildActionMask = 2147483647;
			files = (
				82AFDBCF2110DCAD00A80CF3 /* ReachabilityManager.swift in Sources */,
				824FEEAC210EA9D100C23121 /* ExploreMovieTableViewCell.swift in Sources */,
				824FEE99210BC78F00C23121 /* UIViewControllerX.swift in Sources */,
				824FEE9A210BC78F00C23121 /* UIImageViewX.swift in Sources */,
				82AFDBC52110148900A80CF3 /* UpcomingMoviesViewController.swift in Sources */,
				82AFDBC3210FF99000A80CF3 /* TopMovieCollectionViewCell.swift in Sources */,
				82AFDBDA2111309400A80CF3 /* UpcomingMovieViewModel.swift in Sources */,
				82AFDBD3211108F500A80CF3 /* DiskManager.swift in Sources */,
				82AFDBC9211025C100A80CF3 /* UpcomingMovieCollectionViewCell.swift in Sources */,
				824FEE9C210BC78F00C23121 /* UIVisualEffectViewX.swift in Sources */,
				824FEE9B210BC78F00C23121 /* UIViewX.swift in Sources */,
				824FEE98210BC78F00C23121 /* UIViewAnchorPoint.swift in Sources */,
				82AFDBDC211146D200A80CF3 /* Feature.swift in Sources */,
				82AFDBCB2110501300A80CF3 /* TopMovie.swift in Sources */,
				82AFDBD821112E5D00A80CF3 /* UpcomingMovie.swift in Sources */,
				824FEEAA210DBA0B00C23121 /* MovieViewModel.swift in Sources */,
				824FEEA5210D10D900C23121 /* Support.swift in Sources */,
				824FEE60210ADD1700C23121 /* homes_movie_db.xcdatamodeld in Sources */,
				82AFDBDE2111499900A80CF3 /* FeatureViewModel.swift in Sources */,
				824FEE5A210ADD1700C23121 /* DetailViewController.swift in Sources */,
				824FEE9D210BC78F00C23121 /* UISliderX.swift in Sources */,
				82AFDBCD2110533300A80CF3 /* TopMovieViewModel.swift in Sources */,
				824FEEA3210CFDD900C23121 /* MovieDbService.swift in Sources */,
				824FEE96210BC78F00C23121 /* UIButtonX.swift in Sources */,
				824FEE97210BC78F00C23121 /* UILabelX.swift in Sources */,
				824FEE94210BC78F00C23121 /* UIViewXRadialGradient.swift in Sources */,
				824FEE95210BC78F00C23121 /* UITextFieldX.swift in Sources */,
				824FEEA0210BCFC700C23121 /* ExploreViewController.swift in Sources */,
				82AFDBC1210FE71300A80CF3 /* TopMoviesViewController.swift in Sources */,
				824FEE58210ADD1700C23121 /* AppDelegate.swift in Sources */,
				824FEEA7210DB56000C23121 /* Movie.swift in Sources */,
			);
			runOnlyForDeploymentPostprocessing = 0;
		};
		824FEE67210ADD1800C23121 /* Sources */ = {
			isa = PBXSourcesBuildPhase;
			buildActionMask = 2147483647;
			files = (
				824FEE70210ADD1800C23121 /* homes_movie_dbTests.swift in Sources */,
			);
			runOnlyForDeploymentPostprocessing = 0;
		};
		824FEE72210ADD1800C23121 /* Sources */ = {
			isa = PBXSourcesBuildPhase;
			buildActionMask = 2147483647;
			files = (
				824FEE7B210ADD1800C23121 /* homes_movie_dbUITests.swift in Sources */,
			);
			runOnlyForDeploymentPostprocessing = 0;
		};
/* End PBXSourcesBuildPhase section */

/* Begin PBXTargetDependency section */
		824FEE6D210ADD1800C23121 /* PBXTargetDependency */ = {
			isa = PBXTargetDependency;
			target = 824FEE53210ADD1700C23121 /* homes-movie-db */;
			targetProxy = 824FEE6C210ADD1800C23121 /* PBXContainerItemProxy */;
		};
		824FEE78210ADD1800C23121 /* PBXTargetDependency */ = {
			isa = PBXTargetDependency;
			target = 824FEE53210ADD1700C23121 /* homes-movie-db */;
			targetProxy = 824FEE77210ADD1800C23121 /* PBXContainerItemProxy */;
		};
/* End PBXTargetDependency section */

/* Begin PBXVariantGroup section */
		824FEE5B210ADD1700C23121 /* Main.storyboard */ = {
			isa = PBXVariantGroup;
			children = (
				824FEE5C210ADD1700C23121 /* Base */,
			);
			name = Main.storyboard;
			sourceTree = "<group>";
		};
		824FEE63210ADD1800C23121 /* LaunchScreen.storyboard */ = {
			isa = PBXVariantGroup;
			children = (
				824FEE64210ADD1800C23121 /* Base */,
			);
			name = LaunchScreen.storyboard;
			sourceTree = "<group>";
		};
/* End PBXVariantGroup section */

/* Begin XCBuildConfiguration section */
		824FEE7D210ADD1800C23121 /* Debug */ = {
			isa = XCBuildConfiguration;
			buildSettings = {
				ALWAYS_SEARCH_USER_PATHS = NO;
				CLANG_ANALYZER_NONNULL = YES;
				CLANG_ANALYZER_NUMBER_OBJECT_CONVERSION = YES_AGGRESSIVE;
				CLANG_CXX_LANGUAGE_STANDARD = "gnu++14";
				CLANG_CXX_LIBRARY = "libc++";
				CLANG_ENABLE_MODULES = YES;
				CLANG_ENABLE_OBJC_ARC = YES;
				CLANG_ENABLE_OBJC_WEAK = YES;
				CLANG_WARN_BLOCK_CAPTURE_AUTORELEASING = YES;
				CLANG_WARN_BOOL_CONVERSION = YES;
				CLANG_WARN_COMMA = YES;
				CLANG_WARN_CONSTANT_CONVERSION = YES;
				CLANG_WARN_DEPRECATED_OBJC_IMPLEMENTATIONS = YES;
				CLANG_WARN_DIRECT_OBJC_ISA_USAGE = YES_ERROR;
				CLANG_WARN_DOCUMENTATION_COMMENTS = YES;
				CLANG_WARN_EMPTY_BODY = YES;
				CLANG_WARN_ENUM_CONVERSION = YES;
				CLANG_WARN_INFINITE_RECURSION = YES;
				CLANG_WARN_INT_CONVERSION = YES;
				CLANG_WARN_NON_LITERAL_NULL_CONVERSION = YES;
				CLANG_WARN_OBJC_IMPLICIT_RETAIN_SELF = YES;
				CLANG_WARN_OBJC_LITERAL_CONVERSION = YES;
				CLANG_WARN_OBJC_ROOT_CLASS = YES_ERROR;
				CLANG_WARN_RANGE_LOOP_ANALYSIS = YES;
				CLANG_WARN_STRICT_PROTOTYPES = YES;
				CLANG_WARN_SUSPICIOUS_MOVE = YES;
				CLANG_WARN_UNGUARDED_AVAILABILITY = YES_AGGRESSIVE;
				CLANG_WARN_UNREACHABLE_CODE = YES;
				CLANG_WARN__DUPLICATE_METHOD_MATCH = YES;
				CODE_SIGN_IDENTITY = "iPhone Developer";
				COPY_PHASE_STRIP = NO;
				DEBUG_INFORMATION_FORMAT = dwarf;
				ENABLE_STRICT_OBJC_MSGSEND = YES;
				ENABLE_TESTABILITY = YES;
				GCC_C_LANGUAGE_STANDARD = gnu11;
				GCC_DYNAMIC_NO_PIC = NO;
				GCC_NO_COMMON_BLOCKS = YES;
				GCC_OPTIMIZATION_LEVEL = 0;
				GCC_PREPROCESSOR_DEFINITIONS = (
					"DEBUG=1",
					"$(inherited)",
				);
				GCC_WARN_64_TO_32_BIT_CONVERSION = YES;
				GCC_WARN_ABOUT_RETURN_TYPE = YES_ERROR;
				GCC_WARN_UNDECLARED_SELECTOR = YES;
				GCC_WARN_UNINITIALIZED_AUTOS = YES_AGGRESSIVE;
				GCC_WARN_UNUSED_FUNCTION = YES;
				GCC_WARN_UNUSED_VARIABLE = YES;
				IPHONEOS_DEPLOYMENT_TARGET = 11.4;
				MTL_ENABLE_DEBUG_INFO = YES;
				ONLY_ACTIVE_ARCH = YES;
				SDKROOT = iphoneos;
				SWIFT_ACTIVE_COMPILATION_CONDITIONS = DEBUG;
				SWIFT_OPTIMIZATION_LEVEL = "-Onone";
			};
			name = Debug;
		};
		824FEE7E210ADD1800C23121 /* Release */ = {
			isa = XCBuildConfiguration;
			buildSettings = {
				ALWAYS_SEARCH_USER_PATHS = NO;
				CLANG_ANALYZER_NONNULL = YES;
				CLANG_ANALYZER_NUMBER_OBJECT_CONVERSION = YES_AGGRESSIVE;
				CLANG_CXX_LANGUAGE_STANDARD = "gnu++14";
				CLANG_CXX_LIBRARY = "libc++";
				CLANG_ENABLE_MODULES = YES;
				CLANG_ENABLE_OBJC_ARC = YES;
				CLANG_ENABLE_OBJC_WEAK = YES;
				CLANG_WARN_BLOCK_CAPTURE_AUTORELEASING = YES;
				CLANG_WARN_BOOL_CONVERSION = YES;
				CLANG_WARN_COMMA = YES;
				CLANG_WARN_CONSTANT_CONVERSION = YES;
				CLANG_WARN_DEPRECATED_OBJC_IMPLEMENTATIONS = YES;
				CLANG_WARN_DIRECT_OBJC_ISA_USAGE = YES_ERROR;
				CLANG_WARN_DOCUMENTATION_COMMENTS = YES;
				CLANG_WARN_EMPTY_BODY = YES;
				CLANG_WARN_ENUM_CONVERSION = YES;
				CLANG_WARN_INFINITE_RECURSION = YES;
				CLANG_WARN_INT_CONVERSION = YES;
				CLANG_WARN_NON_LITERAL_NULL_CONVERSION = YES;
				CLANG_WARN_OBJC_IMPLICIT_RETAIN_SELF = YES;
				CLANG_WARN_OBJC_LITERAL_CONVERSION = YES;
				CLANG_WARN_OBJC_ROOT_CLASS = YES_ERROR;
				CLANG_WARN_RANGE_LOOP_ANALYSIS = YES;
				CLANG_WARN_STRICT_PROTOTYPES = YES;
				CLANG_WARN_SUSPICIOUS_MOVE = YES;
				CLANG_WARN_UNGUARDED_AVAILABILITY = YES_AGGRESSIVE;
				CLANG_WARN_UNREACHABLE_CODE = YES;
				CLANG_WARN__DUPLICATE_METHOD_MATCH = YES;
				CODE_SIGN_IDENTITY = "iPhone Developer";
				COPY_PHASE_STRIP = NO;
				DEBUG_INFORMATION_FORMAT = "dwarf-with-dsym";
				ENABLE_NS_ASSERTIONS = NO;
				ENABLE_STRICT_OBJC_MSGSEND = YES;
				GCC_C_LANGUAGE_STANDARD = gnu11;
				GCC_NO_COMMON_BLOCKS = YES;
				GCC_WARN_64_TO_32_BIT_CONVERSION = YES;
				GCC_WARN_ABOUT_RETURN_TYPE = YES_ERROR;
				GCC_WARN_UNDECLARED_SELECTOR = YES;
				GCC_WARN_UNINITIALIZED_AUTOS = YES_AGGRESSIVE;
				GCC_WARN_UNUSED_FUNCTION = YES;
				GCC_WARN_UNUSED_VARIABLE = YES;
				IPHONEOS_DEPLOYMENT_TARGET = 11.4;
				MTL_ENABLE_DEBUG_INFO = NO;
				SDKROOT = iphoneos;
				SWIFT_COMPILATION_MODE = wholemodule;
				SWIFT_OPTIMIZATION_LEVEL = "-O";
				VALIDATE_PRODUCT = YES;
			};
			name = Release;
		};
		824FEE80210ADD1800C23121 /* Debug */ = {
			isa = XCBuildConfiguration;
			baseConfigurationReference = F3B6BAD2B41A994FDCE1B700 /* Pods-homes-movie-db.debug.xcconfig */;
			buildSettings = {
				ASSETCATALOG_COMPILER_APPICON_NAME = AppIcon;
				CODE_SIGN_STYLE = Automatic;
				DEVELOPMENT_TEAM = Z8Q3QPW9ZU;
				INFOPLIST_FILE = "homes-movie-db/Info.plist";
				LD_RUNPATH_SEARCH_PATHS = (
					"$(inherited)",
					"@executable_path/Frameworks",
				);
				PRODUCT_BUNDLE_IDENTIFIER = "com.rahul-racha.homes-movie-db";
				PRODUCT_NAME = "$(TARGET_NAME)";
				SWIFT_VERSION = 4.0;
				TARGETED_DEVICE_FAMILY = "1,2";
			};
			name = Debug;
		};
		824FEE81210ADD1800C23121 /* Release */ = {
			isa = XCBuildConfiguration;
			baseConfigurationReference = 4365B8F7A5F0DFA8F2244564 /* Pods-homes-movie-db.release.xcconfig */;
			buildSettings = {
				ASSETCATALOG_COMPILER_APPICON_NAME = AppIcon;
				CODE_SIGN_STYLE = Automatic;
				DEVELOPMENT_TEAM = Z8Q3QPW9ZU;
				INFOPLIST_FILE = "homes-movie-db/Info.plist";
				LD_RUNPATH_SEARCH_PATHS = (
					"$(inherited)",
					"@executable_path/Frameworks",
				);
				PRODUCT_BUNDLE_IDENTIFIER = "com.rahul-racha.homes-movie-db";
				PRODUCT_NAME = "$(TARGET_NAME)";
				SWIFT_VERSION = 4.0;
				TARGETED_DEVICE_FAMILY = "1,2";
			};
			name = Release;
		};
		824FEE83210ADD1800C23121 /* Debug */ = {
			isa = XCBuildConfiguration;
			baseConfigurationReference = FC928CA366169C4B206B3A77 /* Pods-homes-movie-dbTests.debug.xcconfig */;
			buildSettings = {
				ALWAYS_EMBED_SWIFT_STANDARD_LIBRARIES = YES;
				BUNDLE_LOADER = "$(TEST_HOST)";
				CODE_SIGN_STYLE = Automatic;
				DEVELOPMENT_TEAM = Z8Q3QPW9ZU;
				INFOPLIST_FILE = "homes-movie-dbTests/Info.plist";
				LD_RUNPATH_SEARCH_PATHS = (
					"$(inherited)",
					"@executable_path/Frameworks",
					"@loader_path/Frameworks",
				);
				PRODUCT_BUNDLE_IDENTIFIER = "com.rahul-racha.homes-movie-dbTests";
				PRODUCT_NAME = "$(TARGET_NAME)";
				SWIFT_VERSION = 4.0;
				TARGETED_DEVICE_FAMILY = "1,2";
				TEST_HOST = "$(BUILT_PRODUCTS_DIR)/homes-movie-db.app/homes-movie-db";
			};
			name = Debug;
		};
		824FEE84210ADD1800C23121 /* Release */ = {
			isa = XCBuildConfiguration;
			baseConfigurationReference = 69673948134A1AAD79251261 /* Pods-homes-movie-dbTests.release.xcconfig */;
			buildSettings = {
				ALWAYS_EMBED_SWIFT_STANDARD_LIBRARIES = YES;
				BUNDLE_LOADER = "$(TEST_HOST)";
				CODE_SIGN_STYLE = Automatic;
				DEVELOPMENT_TEAM = Z8Q3QPW9ZU;
				INFOPLIST_FILE = "homes-movie-dbTests/Info.plist";
				LD_RUNPATH_SEARCH_PATHS = (
					"$(inherited)",
					"@executable_path/Frameworks",
					"@loader_path/Frameworks",
				);
				PRODUCT_BUNDLE_IDENTIFIER = "com.rahul-racha.homes-movie-dbTests";
				PRODUCT_NAME = "$(TARGET_NAME)";
				SWIFT_VERSION = 4.0;
				TARGETED_DEVICE_FAMILY = "1,2";
				TEST_HOST = "$(BUILT_PRODUCTS_DIR)/homes-movie-db.app/homes-movie-db";
			};
			name = Release;
		};
		824FEE86210ADD1800C23121 /* Debug */ = {
			isa = XCBuildConfiguration;
			baseConfigurationReference = AB7601A7F5A3AA297A89DE07 /* Pods-homes-movie-dbUITests.debug.xcconfig */;
			buildSettings = {
				ALWAYS_EMBED_SWIFT_STANDARD_LIBRARIES = YES;
				CODE_SIGN_STYLE = Automatic;
				DEVELOPMENT_TEAM = Z8Q3QPW9ZU;
				INFOPLIST_FILE = "homes-movie-dbUITests/Info.plist";
				LD_RUNPATH_SEARCH_PATHS = (
					"$(inherited)",
					"@executable_path/Frameworks",
					"@loader_path/Frameworks",
				);
				PRODUCT_BUNDLE_IDENTIFIER = "com.rahul-racha.homes-movie-dbUITests";
				PRODUCT_NAME = "$(TARGET_NAME)";
				SWIFT_VERSION = 4.0;
				TARGETED_DEVICE_FAMILY = "1,2";
				TEST_TARGET_NAME = "homes-movie-db";
			};
			name = Debug;
		};
		824FEE87210ADD1800C23121 /* Release */ = {
			isa = XCBuildConfiguration;
			baseConfigurationReference = C58D15D0C103D681F167C410 /* Pods-homes-movie-dbUITests.release.xcconfig */;
			buildSettings = {
				ALWAYS_EMBED_SWIFT_STANDARD_LIBRARIES = YES;
				CODE_SIGN_STYLE = Automatic;
				DEVELOPMENT_TEAM = Z8Q3QPW9ZU;
				INFOPLIST_FILE = "homes-movie-dbUITests/Info.plist";
				LD_RUNPATH_SEARCH_PATHS = (
					"$(inherited)",
					"@executable_path/Frameworks",
					"@loader_path/Frameworks",
				);
				PRODUCT_BUNDLE_IDENTIFIER = "com.rahul-racha.homes-movie-dbUITests";
				PRODUCT_NAME = "$(TARGET_NAME)";
				SWIFT_VERSION = 4.0;
				TARGETED_DEVICE_FAMILY = "1,2";
				TEST_TARGET_NAME = "homes-movie-db";
			};
			name = Release;
		};
/* End XCBuildConfiguration section */

/* Begin XCConfigurationList section */
		824FEE4F210ADD1700C23121 /* Build configuration list for PBXProject "homes-movie-db" */ = {
			isa = XCConfigurationList;
			buildConfigurations = (
				824FEE7D210ADD1800C23121 /* Debug */,
				824FEE7E210ADD1800C23121 /* Release */,
			);
			defaultConfigurationIsVisible = 0;
			defaultConfigurationName = Release;
		};
		824FEE7F210ADD1800C23121 /* Build configuration list for PBXNativeTarget "homes-movie-db" */ = {
			isa = XCConfigurationList;
			buildConfigurations = (
				824FEE80210ADD1800C23121 /* Debug */,
				824FEE81210ADD1800C23121 /* Release */,
			);
			defaultConfigurationIsVisible = 0;
			defaultConfigurationName = Release;
		};
		824FEE82210ADD1800C23121 /* Build configuration list for PBXNativeTarget "homes-movie-dbTests" */ = {
			isa = XCConfigurationList;
			buildConfigurations = (
				824FEE83210ADD1800C23121 /* Debug */,
				824FEE84210ADD1800C23121 /* Release */,
			);
			defaultConfigurationIsVisible = 0;
			defaultConfigurationName = Release;
		};
		824FEE85210ADD1800C23121 /* Build configuration list for PBXNativeTarget "homes-movie-dbUITests" */ = {
			isa = XCConfigurationList;
			buildConfigurations = (
				824FEE86210ADD1800C23121 /* Debug */,
				824FEE87210ADD1800C23121 /* Release */,
			);
			defaultConfigurationIsVisible = 0;
			defaultConfigurationName = Release;
		};
/* End XCConfigurationList section */

/* Begin XCVersionGroup section */
		824FEE5E210ADD1700C23121 /* homes_movie_db.xcdatamodeld */ = {
			isa = XCVersionGroup;
			children = (
				824FEE5F210ADD1700C23121 /* homes_movie_db.xcdatamodel */,
			);
			currentVersion = 824FEE5F210ADD1700C23121 /* homes_movie_db.xcdatamodel */;
			path = homes_movie_db.xcdatamodeld;
			sourceTree = "<group>";
			versionGroupType = wrapper.xcdatamodel;
		};
/* End XCVersionGroup section */
	};
	rootObject = 824FEE4C210ADD1700C23121 /* Project object */;
}
